// !$*UTF8*$!
{
	archiveVersion = 1;
	classes = {
	};
	objectVersion = 46;
	objects = {

/* Begin PBXBuildFile section */
		771403C31E6CECD6009C68F2 /* AppDelegate.swift in Sources */ = {isa = PBXBuildFile; fileRef = 771403C21E6CECD6009C68F2 /* AppDelegate.swift */; };
		771403C51E6CECD6009C68F2 /* ViewController.swift in Sources */ = {isa = PBXBuildFile; fileRef = 771403C41E6CECD6009C68F2 /* ViewController.swift */; };
		771403C81E6CECD6009C68F2 /* Main.storyboard in Resources */ = {isa = PBXBuildFile; fileRef = 771403C61E6CECD6009C68F2 /* Main.storyboard */; };
		771403CB1E6CECD6009C68F2 /* QuickRide.xcdatamodeld in Sources */ = {isa = PBXBuildFile; fileRef = 771403C91E6CECD6009C68F2 /* QuickRide.xcdatamodeld */; };
		771403CD1E6CECD6009C68F2 /* Assets.xcassets in Resources */ = {isa = PBXBuildFile; fileRef = 771403CC1E6CECD6009C68F2 /* Assets.xcassets */; };
		771403D01E6CECD6009C68F2 /* LaunchScreen.storyboard in Resources */ = {isa = PBXBuildFile; fileRef = 771403CE1E6CECD6009C68F2 /* LaunchScreen.storyboard */; };
		771403DB1E6CECD6009C68F2 /* QuickRideTests.swift in Sources */ = {isa = PBXBuildFile; fileRef = 771403DA1E6CECD6009C68F2 /* QuickRideTests.swift */; };
		771403E61E6CECF0009C68F2 /* Queue.swift in Sources */ = {isa = PBXBuildFile; fileRef = 771403E51E6CECF0009C68F2 /* Queue.swift */; };
		771403EA1E6CED1E009C68F2 /* PersonClass.swift in Sources */ = {isa = PBXBuildFile; fileRef = 771403E91E6CED1E009C68F2 /* PersonClass.swift */; };
/* End PBXBuildFile section */

/* Begin PBXContainerItemProxy section */
		771403D71E6CECD6009C68F2 /* PBXContainerItemProxy */ = {
			isa = PBXContainerItemProxy;
			containerPortal = 771403B71E6CECD6009C68F2 /* Project object */;
			proxyType = 1;
			remoteGlobalIDString = 771403BE1E6CECD6009C68F2;
			remoteInfo = QuickRide;
		};
/* End PBXContainerItemProxy section */

/* Begin PBXFileReference section */
		771403BF1E6CECD6009C68F2 /* QuickRide.app */ = {isa = PBXFileReference; explicitFileType = wrapper.application; includeInIndex = 0; path = QuickRide.app; sourceTree = BUILT_PRODUCTS_DIR; };
		771403C21E6CECD6009C68F2 /* AppDelegate.swift */ = {isa = PBXFileReference; lastKnownFileType = sourcecode.swift; path = AppDelegate.swift; sourceTree = "<group>"; };
		771403C41E6CECD6009C68F2 /* ViewController.swift */ = {isa = PBXFileReference; lastKnownFileType = sourcecode.swift; path = ViewController.swift; sourceTree = "<group>"; };
		771403C71E6CECD6009C68F2 /* Base */ = {isa = PBXFileReference; lastKnownFileType = file.storyboard; name = Base; path = Base.lproj/Main.storyboard; sourceTree = "<group>"; };
		771403CA1E6CECD6009C68F2 /* QuickRide.xcdatamodel */ = {isa = PBXFileReference; lastKnownFileType = wrapper.xcdatamodel; path = QuickRide.xcdatamodel; sourceTree = "<group>"; };
		771403CC1E6CECD6009C68F2 /* Assets.xcassets */ = {isa = PBXFileReference; lastKnownFileType = folder.assetcatalog; path = Assets.xcassets; sourceTree = "<group>"; };
		771403CF1E6CECD6009C68F2 /* Base */ = {isa = PBXFileReference; lastKnownFileType = file.storyboard; name = Base; path = Base.lproj/LaunchScreen.storyboard; sourceTree = "<group>"; };
		771403D11E6CECD6009C68F2 /* Info.plist */ = {isa = PBXFileReference; lastKnownFileType = text.plist.xml; path = Info.plist; sourceTree = "<group>"; };
		771403D61E6CECD6009C68F2 /* QuickRideTests.xctest */ = {isa = PBXFileReference; explicitFileType = wrapper.cfbundle; includeInIndex = 0; path = QuickRideTests.xctest; sourceTree = BUILT_PRODUCTS_DIR; };
		771403DA1E6CECD6009C68F2 /* QuickRideTests.swift */ = {isa = PBXFileReference; lastKnownFileType = sourcecode.swift; path = QuickRideTests.swift; sourceTree = "<group>"; };
		771403DC1E6CECD6009C68F2 /* Info.plist */ = {isa = PBXFileReference; lastKnownFileType = text.plist.xml; path = Info.plist; sourceTree = "<group>"; };
		771403E51E6CECF0009C68F2 /* Queue.swift */ = {isa = PBXFileReference; fileEncoding = 4; lastKnownFileType = sourcecode.swift; path = Queue.swift; sourceTree = "<group>"; };
		771403E91E6CED1E009C68F2 /* PersonClass.swift */ = {isa = PBXFileReference; fileEncoding = 4; lastKnownFileType = sourcecode.swift; name = PersonClass.swift; path = ../PersonClass.swift; sourceTree = "<group>"; };
/* End PBXFileReference section */

/* Begin PBXFrameworksBuildPhase section */
		771403BC1E6CECD6009C68F2 /* Frameworks */ = {
			isa = PBXFrameworksBuildPhase;
			buildActionMask = 2147483647;
			files = (
			);
			runOnlyForDeploymentPostprocessing = 0;
		};
		771403D31E6CECD6009C68F2 /* Frameworks */ = {
			isa = PBXFrameworksBuildPhase;
			buildActionMask = 2147483647;
			files = (
			);
			runOnlyForDeploymentPostprocessing = 0;
		};
/* End PBXFrameworksBuildPhase section */

/* Begin PBXGroup section */
		771403B61E6CECD6009C68F2 = {
			isa = PBXGroup;
			children = (
				771403C11E6CECD6009C68F2 /* QuickRide */,
				771403D91E6CECD6009C68F2 /* QuickRideTests */,
				771403C01E6CECD6009C68F2 /* Products */,
			);
			sourceTree = "<group>";
		};
		771403C01E6CECD6009C68F2 /* Products */ = {
			isa = PBXGroup;
			children = (
				771403BF1E6CECD6009C68F2 /* QuickRide.app */,
				771403D61E6CECD6009C68F2 /* QuickRideTests.xctest */,
			);
			name = Products;
			sourceTree = "<group>";
		};
		771403C11E6CECD6009C68F2 /* QuickRide */ = {
			isa = PBXGroup;
			children = (
				771403C21E6CECD6009C68F2 /* AppDelegate.swift */,
				771403C41E6CECD6009C68F2 /* ViewController.swift */,
				771403C61E6CECD6009C68F2 /* Main.storyboard */,
				771403CC1E6CECD6009C68F2 /* Assets.xcassets */,
				771403E91E6CED1E009C68F2 /* PersonClass.swift */,
				771403E51E6CECF0009C68F2 /* Queue.swift */,
				771403CE1E6CECD6009C68F2 /* LaunchScreen.storyboard */,
				771403D11E6CECD6009C68F2 /* Info.plist */,
				771403C91E6CECD6009C68F2 /* QuickRide.xcdatamodeld */,
			);
			path = QuickRide;
			sourceTree = "<group>";
		};
		771403D91E6CECD6009C68F2 /* QuickRideTests */ = {
			isa = PBXGroup;
			children = (
				771403DA1E6CECD6009C68F2 /* QuickRideTests.swift */,
				771403DC1E6CECD6009C68F2 /* Info.plist */,
			);
			path = QuickRideTests;
			sourceTree = "<group>";
		};
/* End PBXGroup section */

/* Begin PBXNativeTarget section */
		771403BE1E6CECD6009C68F2 /* QuickRide */ = {
			isa = PBXNativeTarget;
			buildConfigurationList = 771403DF1E6CECD6009C68F2 /* Build configuration list for PBXNativeTarget "QuickRide" */;
			buildPhases = (
				771403BB1E6CECD6009C68F2 /* Sources */,
				771403BC1E6CECD6009C68F2 /* Frameworks */,
				771403BD1E6CECD6009C68F2 /* Resources */,
			);
			buildRules = (
			);
			dependencies = (
			);
			name = QuickRide;
			productName = QuickRide;
			productReference = 771403BF1E6CECD6009C68F2 /* QuickRide.app */;
			productType = "com.apple.product-type.application";
		};
		771403D51E6CECD6009C68F2 /* QuickRideTests */ = {
			isa = PBXNativeTarget;
			buildConfigurationList = 771403E21E6CECD6009C68F2 /* Build configuration list for PBXNativeTarget "QuickRideTests" */;
			buildPhases = (
				771403D21E6CECD6009C68F2 /* Sources */,
				771403D31E6CECD6009C68F2 /* Frameworks */,
				771403D41E6CECD6009C68F2 /* Resources */,
			);
			buildRules = (
			);
			dependencies = (
				771403D81E6CECD6009C68F2 /* PBXTargetDependency */,
			);
			name = QuickRideTests;
			productName = QuickRideTests;
			productReference = 771403D61E6CECD6009C68F2 /* QuickRideTests.xctest */;
			productType = "com.apple.product-type.bundle.unit-test";
		};
/* End PBXNativeTarget section */

/* Begin PBXProject section */
		771403B71E6CECD6009C68F2 /* Project object */ = {
			isa = PBXProject;
			attributes = {
				LastSwiftUpdateCheck = 0730;
				LastUpgradeCheck = 0730;
				ORGANIZATIONNAME = "Alex Lao";
				TargetAttributes = {
					771403BE1E6CECD6009C68F2 = {
						CreatedOnToolsVersion = 7.3.1;
					};
					771403D51E6CECD6009C68F2 = {
						CreatedOnToolsVersion = 7.3.1;
						TestTargetID = 771403BE1E6CECD6009C68F2;
					};
				};
			};
			buildConfigurationList = 771403BA1E6CECD6009C68F2 /* Build configuration list for PBXProject "QuickRide" */;
			compatibilityVersion = "Xcode 3.2";
			developmentRegion = English;
			hasScannedForEncodings = 0;
			knownRegions = (
				en,
				Base,
			);
			mainGroup = 771403B61E6CECD6009C68F2;
			productRefGroup = 771403C01E6CECD6009C68F2 /* Products */;
			projectDirPath = "";
			projectRoot = "";
			targets = (
				771403BE1E6CECD6009C68F2 /* QuickRide */,
				771403D51E6CECD6009C68F2 /* QuickRideTests */,
			);
		};
/* End PBXProject section */

/* Begin PBXResourcesBuildPhase section */
		771403BD1E6CECD6009C68F2 /* Resources */ = {
			isa = PBXResourcesBuildPhase;
			buildActionMask = 2147483647;
			files = (
				771403D01E6CECD6009C68F2 /* LaunchScreen.storyboard in Resources */,
				771403CD1E6CECD6009C68F2 /* Assets.xcassets in Resources */,
				771403C81E6CECD6009C68F2 /* Main.storyboard in Resources */,
			);
			runOnlyForDeploymentPostprocessing = 0;
		};
		771403D41E6CECD6009C68F2 /* Resources */ = {
			isa = PBXResourcesBuildPhase;
			buildActionMask = 2147483647;
			files = (
			);
			runOnlyForDeploymentPostprocessing = 0;
		};
/* End PBXResourcesBuildPhase section */

/* Begin PBXSourcesBuildPhase section */
		771403BB1E6CECD6009C68F2 /* Sources */ = {
			isa = PBXSourcesBuildPhase;
			buildActionMask = 2147483647;
			files = (
				771403EA1E6CED1E009C68F2 /* PersonClass.swift in Sources */,
				771403CB1E6CECD6009C68F2 /* QuickRide.xcdatamodeld in Sources */,
				771403C51E6CECD6009C68F2 /* ViewController.swift in Sources */,
				771403E61E6CECF0009C68F2 /* Queue.swift in Sources */,
				771403C31E6CECD6009C68F2 /* AppDelegate.swift in Sources */,
			);
			runOnlyForDeploymentPostprocessing = 0;
		};
		771403D21E6CECD6009C68F2 /* Sources */ = {
			isa = PBXSourcesBuildPhase;
			buildActionMask = 2147483647;
			files = (
				771403DB1E6CECD6009C68F2 /* QuickRideTests.swift in Sources */,
			);
			runOnlyForDeploymentPostprocessing = 0;
		};
/* End PBXSourcesBuildPhase section */

/* Begin PBXTargetDependency section */
		771403D81E6CECD6009C68F2 /* PBXTargetDependency */ = {
			isa = PBXTargetDependency;
			target = 771403BE1E6CECD6009C68F2 /* QuickRide */;
			targetProxy = 771403D71E6CECD6009C68F2 /* PBXContainerItemProxy */;
		};
/* End PBXTargetDependency section */

/* Begin PBXVariantGroup section */
		771403C61E6CECD6009C68F2 /* Main.storyboard */ = {
			isa = PBXVariantGroup;
			children = (
				771403C71E6CECD6009C68F2 /* Base */,
			);
			name = Main.storyboard;
			sourceTree = "<group>";
		};
		771403CE1E6CECD6009C68F2 /* LaunchScreen.storyboard */ = {
			isa = PBXVariantGroup;
			children = (
				771403CF1E6CECD6009C68F2 /* Base */,
			);
			name = LaunchScreen.storyboard;
			sourceTree = "<group>";
		};
/* End PBXVariantGroup section */

/* Begin XCBuildConfiguration section */
		771403DD1E6CECD6009C68F2 /* Debug */ = {
			isa = XCBuildConfiguration;
			buildSettings = {
				ALWAYS_SEARCH_USER_PATHS = NO;
				CLANG_ANALYZER_NONNULL = YES;
				CLANG_CXX_LANGUAGE_STANDARD = "gnu++0x";
				CLANG_CXX_LIBRARY = "libc++";
				CLANG_ENABLE_MODULES = YES;
				CLANG_ENABLE_OBJC_ARC = YES;
				CLANG_WARN_BOOL_CONVERSION = YES;
				CLANG_WARN_CONSTANT_CONVERSION = YES;
				CLANG_WARN_DIRECT_OBJC_ISA_USAGE = YES_ERROR;
				CLANG_WARN_EMPTY_BODY = YES;
				CLANG_WARN_ENUM_CONVERSION = YES;
				CLANG_WARN_INT_CONVERSION = YES;
				CLANG_WARN_OBJC_ROOT_CLASS = YES_ERROR;
				CLANG_WARN_UNREACHABLE_CODE = YES;
				CLANG_WARN__DUPLICATE_METHOD_MATCH = YES;
				"CODE_SIGN_IDENTITY[sdk=iphoneos*]" = "iPhone Developer";
				COPY_PHASE_STRIP = NO;
				DEBUG_INFORMATION_FORMAT = dwarf;
				ENABLE_STRICT_OBJC_MSGSEND = YES;
				ENABLE_TESTABILITY = YES;
				GCC_C_LANGUAGE_STANDARD = gnu99;
				GCC_DYNAMIC_NO_PIC = NO;
				GCC_NO_COMMON_BLOCKS = YES;
				GCC_OPTIMIZATION_LEVEL = 0;
				GCC_PREPROCESSOR_DEFINITIONS = (
					"DEBUG=1",
					"$(inherited)",
				);
				GCC_WARN_64_TO_32_BIT_CONVERSION = YES;
				GCC_WARN_ABOUT_RETURN_TYPE = YES_ERROR;
				GCC_WARN_UNDECLARED_SELECTOR = YES;
				GCC_WARN_UNINITIALIZED_AUTOS = YES_AGGRESSIVE;
				GCC_WARN_UNUSED_FUNCTION = YES;
				GCC_WARN_UNUSED_VARIABLE = YES;
				IPHONEOS_DEPLOYMENT_TARGET = 9.3;
				MTL_ENABLE_DEBUG_INFO = YES;
				ONLY_ACTIVE_ARCH = YES;
				SDKROOT = iphoneos;
				SWIFT_OPTIMIZATION_LEVEL = "-Onone";
			};
			name = Debug;
		};
		771403DE1E6CECD6009C68F2 /* Release */ = {
			isa = XCBuildConfiguration;
			buildSettings = {
				ALWAYS_SEARCH_USER_PATHS = NO;
				CLANG_ANALYZER_NONNULL = YES;
				CLANG_CXX_LANGUAGE_STANDARD = "gnu++0x";
				CLANG_CXX_LIBRARY = "libc++";
				CLANG_ENABLE_MODULES = YES;
				CLANG_ENABLE_OBJC_ARC = YES;
				CLANG_WARN_BOOL_CONVERSION = YES;
				CLANG_WARN_CONSTANT_CONVERSION = YES;
				CLANG_WARN_DIRECT_OBJC_ISA_USAGE = YES_ERROR;
				CLANG_WARN_EMPTY_BODY = YES;
				CLANG_WARN_ENUM_CONVERSION = YES;
				CLANG_WARN_INT_CONVERSION = YES;
				CLANG_WARN_OBJC_ROOT_CLASS = YES_ERROR;
				CLANG_WARN_UNREACHABLE_CODE = YES;
				CLANG_WARN__DUPLICATE_METHOD_MATCH = YES;
				"CODE_SIGN_IDENTITY[sdk=iphoneos*]" = "iPhone Developer";
				COPY_PHASE_STRIP = NO;
				DEBUG_INFORMATION_FORMAT = "dwarf-with-dsym";
				ENABLE_NS_ASSERTIONS = NO;
				ENABLE_STRICT_OBJC_MSGSEND = YES;
				GCC_C_LANGUAGE_STANDARD = gnu99;
				GCC_NO_COMMON_BLOCKS = YES;
				GCC_WARN_64_TO_32_BIT_CONVERSION = YES;
				GCC_WARN_ABOUT_RETURN_TYPE = YES_ERROR;
				GCC_WARN_UNDECLARED_SELECTOR = YES;
				GCC_WARN_UNINITIALIZED_AUTOS = YES_AGGRESSIVE;
				GCC_WARN_UNUSED_FUNCTION = YES;
				GCC_WARN_UNUSED_VARIABLE = YES;
				IPHONEOS_DEPLOYMENT_TARGET = 9.3;
				MTL_ENABLE_DEBUG_INFO = NO;
				SDKROOT = iphoneos;
				VALIDATE_PRODUCT = YES;
			};
			name = Release;
		};
		771403E01E6CECD6009C68F2 /* Debug */ = {
			isa = XCBuildConfiguration;
			buildSettings = {
				ASSETCATALOG_COMPILER_APPICON_NAME = AppIcon;
				INFOPLIST_FILE = QuickRide/Info.plist;
				LD_RUNPATH_SEARCH_PATHS = "$(inherited) @executable_path/Frameworks";
				PRODUCT_BUNDLE_IDENTIFIER = com.alexlao.QuickRide;
				PRODUCT_NAME = "$(TARGET_NAME)";
			};
			name = Debug;
		};
		771403E11E6CECD6009C68F2 /* Release */ = {
			isa = XCBuildConfiguration;
			buildSettings = {
				ASSETCATALOG_COMPILER_APPICON_NAME = AppIcon;
				INFOPLIST_FILE = QuickRide/Info.plist;
				LD_RUNPATH_SEARCH_PATHS = "$(inherited) @executable_path/Frameworks";
				PRODUCT_BUNDLE_IDENTIFIER = com.alexlao.QuickRide;
				PRODUCT_NAME = "$(TARGET_NAME)";
			};
			name = Release;
		};
		771403E31E6CECD6009C68F2 /* Debug */ = {
			isa = XCBuildConfiguration;
			buildSettings = {
				BUNDLE_LOADER = "$(TEST_HOST)";
				INFOPLIST_FILE = QuickRideTests/Info.plist;
				LD_RUNPATH_SEARCH_PATHS = "$(inherited) @executable_path/Frameworks @loader_path/Frameworks";
				PRODUCT_BUNDLE_IDENTIFIER = com.alexlao.QuickRideTests;
				PRODUCT_NAME = "$(TARGET_NAME)";
				TEST_HOST = "$(BUILT_PRODUCTS_DIR)/QuickRide.app/QuickRide";
			};
			name = Debug;
		};
		771403E41E6CECD6009C68F2 /* Release */ = {
			isa = XCBuildConfiguration;
			buildSettings = {
				BUNDLE_LOADER = "$(TEST_HOST)";
				INFOPLIST_FILE = QuickRideTests/Info.plist;
				LD_RUNPATH_SEARCH_PATHS = "$(inherited) @executable_path/Frameworks @loader_path/Frameworks";
				PRODUCT_BUNDLE_IDENTIFIER = com.alexlao.QuickRideTests;
				PRODUCT_NAME = "$(TARGET_NAME)";
				TEST_HOST = "$(BUILT_PRODUCTS_DIR)/QuickRide.app/QuickRide";
			};
			name = Release;
		};
/* End XCBuildConfiguration section */

/* Begin XCConfigurationList section */
		771403BA1E6CECD6009C68F2 /* Build configuration list for PBXProject "QuickRide" */ = {
			isa = XCConfigurationList;
			buildConfigurations = (
				771403DD1E6CECD6009C68F2 /* Debug */,
				771403DE1E6CECD6009C68F2 /* Release */,
			);
			defaultConfigurationIsVisible = 0;
			defaultConfigurationName = Release;
		};
		771403DF1E6CECD6009C68F2 /* Build configuration list for PBXNativeTarget "QuickRide" */ = {
			isa = XCConfigurationList;
			buildConfigurations = (
				771403E01E6CECD6009C68F2 /* Debug */,
				771403E11E6CECD6009C68F2 /* Release */,
			);
			defaultConfigurationIsVisible = 0;
		};
		771403E21E6CECD6009C68F2 /* Build configuration list for PBXNativeTarget "QuickRideTests" */ = {
			isa = XCConfigurationList;
			buildConfigurations = (
				771403E31E6CECD6009C68F2 /* Debug */,
				771403E41E6CECD6009C68F2 /* Release */,
			);
			defaultConfigurationIsVisible = 0;
		};
/* End XCConfigurationList section */

/* Begin XCVersionGroup section */
		771403C91E6CECD6009C68F2 /* QuickRide.xcdatamodeld */ = {
			isa = XCVersionGroup;
			children = (
				771403CA1E6CECD6009C68F2 /* QuickRide.xcdatamodel */,
			);
			currentVersion = 771403CA1E6CECD6009C68F2 /* QuickRide.xcdatamodel */;
			path = QuickRide.xcdatamodeld;
			sourceTree = "<group>";
			versionGroupType = wrapper.xcdatamodel;
		};
/* End XCVersionGroup section */
	};
	rootObject = 771403B71E6CECD6009C68F2 /* Project object */;
}
